github.com/dvdksn/other-go-project v0.0.0-20240308075511-c554f785b2fa h1:9CcAAM2KM37sMRXPhXcOGICP5jJSsZv3vzvfnCSUszY=
github.com/dvdksn/other-go-project v0.0.0-20240308075511-c554f785b2fa/go.mod h1:+X3SOS5y8jLBNrDZ13HEdltHecAMTWDH+8DThoSs1eU=
github.com/dvdksn/some-go-project v0.0.0-20240308075814-c5e04fdc842d h1:xXP8ISwPAXW8e7s0U1AOsBFlMRwEgq2VABrUXsFQS0M=
github.com/dvdksn/some-go-project v0.0.0-20240308075814-c5e04fdc842d/go.mod h1:JVqGU8WHy2R1uBISmZZiRETEBfhbqSB8qz1oJWfnzfI=
